// !$*UTF8*$!
{
	archiveVersion = 1;
	classes = {
	};
	objectVersion = 46;
	objects = {

/* Begin PBXBuildFile section */
		18BFDE7817244DF600186828 /* HomeViewController.m in Sources */ = {isa = PBXBuildFile; fileRef = 18BFDE7617244DF600186828 /* HomeViewController.m */; };
		18BFDE7917244DF600186828 /* HomeViewController.xib in Resources */ = {isa = PBXBuildFile; fileRef = 18BFDE7717244DF600186828 /* HomeViewController.xib */; };
		18BFDE7C17244DF600186828 /* GMETLibs+UIView.m in Sources */ = {isa = PBXBuildFile; fileRef = 18BFDE7B17244DF600186828 /* GMETLibs+UIView.m */; };
		18BFDE9617244DF600186828 /* ASIAuthenticationDialog.m in Sources */ = {isa = PBXBuildFile; fileRef = 18BFDE8317244DF600186828 /* ASIAuthenticationDialog.m */; settings = {COMPILER_FLAGS = "-fno-objc-arc"; }; };
		18BFDE9717244DF600186828 /* ASIDataCompressor.m in Sources */ = {isa = PBXBuildFile; fileRef = 18BFDE8617244DF600186828 /* ASIDataCompressor.m */; settings = {COMPILER_FLAGS = "-fno-objc-arc"; }; };
		18BFDE9817244DF600186828 /* ASIDataDecompressor.m in Sources */ = {isa = PBXBuildFile; fileRef = 18BFDE8817244DF600186828 /* ASIDataDecompressor.m */; settings = {COMPILER_FLAGS = "-fno-objc-arc"; }; };
		18BFDE9917244DF600186828 /* ASIDownloadCache.m in Sources */ = {isa = PBXBuildFile; fileRef = 18BFDE8A17244DF600186828 /* ASIDownloadCache.m */; settings = {COMPILER_FLAGS = "-fno-objc-arc"; }; };
		18BFDE9A17244DF600186828 /* ASIFormDataRequest.m in Sources */ = {isa = PBXBuildFile; fileRef = 18BFDE8C17244DF600186828 /* ASIFormDataRequest.m */; settings = {COMPILER_FLAGS = "-fno-objc-arc"; }; };
		18BFDE9B17244DF600186828 /* ASIHTTPRequest.m in Sources */ = {isa = PBXBuildFile; fileRef = 18BFDE8E17244DF600186828 /* ASIHTTPRequest.m */; settings = {COMPILER_FLAGS = "-fno-objc-arc"; }; };
		18BFDE9C17244DF600186828 /* ASIInputStream.m in Sources */ = {isa = PBXBuildFile; fileRef = 18BFDE9217244DF600186828 /* ASIInputStream.m */; settings = {COMPILER_FLAGS = "-fno-objc-arc"; }; };
		18BFDE9D17244DF600186828 /* ASINetworkQueue.m in Sources */ = {isa = PBXBuildFile; fileRef = 18BFDE9417244DF600186828 /* ASINetworkQueue.m */; settings = {COMPILER_FLAGS = "-fno-objc-arc"; }; };
		18BFDEA117244DF600186828 /* Reachability.m in Sources */ = {isa = PBXBuildFile; fileRef = 18BFDEA017244DF600186828 /* Reachability.m */; settings = {COMPILER_FLAGS = "-fno-objc-arc"; }; };
		18BFDEA317244DF600186828 /* CFNetwork.framework in Frameworks */ = {isa = PBXBuildFile; fileRef = 18BFDEA217244DF600186828 /* CFNetwork.framework */; };
		18BFDEA517244DF600186828 /* SystemConfiguration.framework in Frameworks */ = {isa = PBXBuildFile; fileRef = 18BFDEA417244DF600186828 /* SystemConfiguration.framework */; };
		18BFDEA717244DF600186828 /* MobileCoreServices.framework in Frameworks */ = {isa = PBXBuildFile; fileRef = 18BFDEA617244DF600186828 /* MobileCoreServices.framework */; };
		18BFDEA917244DF600186828 /* libxml2.dylib in Frameworks */ = {isa = PBXBuildFile; fileRef = 18BFDEA817244DF600186828 /* libxml2.dylib */; };
		18BFDEAB17244DF600186828 /* libz.1.2.5.dylib in Frameworks */ = {isa = PBXBuildFile; fileRef = 18BFDEAA17244DF600186828 /* libz.1.2.5.dylib */; };
		18BFDEAD17244DF600186828 /* QuartzCore.framework in Frameworks */ = {isa = PBXBuildFile; fileRef = 18BFDEAC17244DF600186828 /* QuartzCore.framework */; };
		18BFDEB017244DF600186828 /* GMETLibs+DataContainer.m in Sources */ = {isa = PBXBuildFile; fileRef = 18BFDEAF17244DF600186828 /* GMETLibs+DataContainer.m */; };
		18BFDFBC17244DF600186828 /* RoomListView.m in Sources */ = {isa = PBXBuildFile; fileRef = 18BFDFBB17244DF600186828 /* RoomListView.m */; };
		18BFDFBE17244DF600186828 /* RoomListView.xib in Resources */ = {isa = PBXBuildFile; fileRef = 18BFDFBD17244DF600186828 /* RoomListView.xib */; };
		18BFDFC217244DF600186828 /* NavigationView.m in Sources */ = {isa = PBXBuildFile; fileRef = 18BFDFC117244DF600186828 /* NavigationView.m */; };
		18BFDFC417244DF600186828 /* NavigationView.xib in Resources */ = {isa = PBXBuildFile; fileRef = 18BFDFC317244DF600186828 /* NavigationView.xib */; };
		18BFDFCB1724544100186828 /* RoomViewController.m in Sources */ = {isa = PBXBuildFile; fileRef = 18BFDFC91724544000186828 /* RoomViewController.m */; };
		18BFDFCC1724544100186828 /* RoomViewController.xib in Resources */ = {isa = PBXBuildFile; fileRef = 18BFDFCA1724544100186828 /* RoomViewController.xib */; };
		18BFDFD1172456CE00186828 /* NetRoomList.m in Sources */ = {isa = PBXBuildFile; fileRef = 18BFDFD0172456CE00186828 /* NetRoomList.m */; };
		18BFDFD61724573B00186828 /* room_test.png in Resources */ = {isa = PBXBuildFile; fileRef = 18BFDFD51724573B00186828 /* room_test.png */; };
		18BFDFDA17245C8B00186828 /* RoomGridView.m in Sources */ = {isa = PBXBuildFile; fileRef = 18BFDFD917245C8B00186828 /* RoomGridView.m */; };
		18BFDFDC17245C9D00186828 /* RoomGridView.xib in Resources */ = {isa = PBXBuildFile; fileRef = 18BFDFDB17245C9D00186828 /* RoomGridView.xib */; };
		18EAB2A817241702003E742D /* UIKit.framework in Frameworks */ = {isa = PBXBuildFile; fileRef = 18EAB2A717241702003E742D /* UIKit.framework */; };
		18EAB2AA17241702003E742D /* Foundation.framework in Frameworks */ = {isa = PBXBuildFile; fileRef = 18EAB2A917241702003E742D /* Foundation.framework */; };
		18EAB2AC17241702003E742D /* CoreGraphics.framework in Frameworks */ = {isa = PBXBuildFile; fileRef = 18EAB2AB17241702003E742D /* CoreGraphics.framework */; };
		18EAB2B217241702003E742D /* InfoPlist.strings in Resources */ = {isa = PBXBuildFile; fileRef = 18EAB2B017241702003E742D /* InfoPlist.strings */; };
		18EAB2B417241702003E742D /* main.m in Sources */ = {isa = PBXBuildFile; fileRef = 18EAB2B317241702003E742D /* main.m */; };
		18EAB2BA17241702003E742D /* Default.png in Resources */ = {isa = PBXBuildFile; fileRef = 18EAB2B917241702003E742D /* Default.png */; };
		18EAB2BC17241702003E742D /* Default@2x.png in Resources */ = {isa = PBXBuildFile; fileRef = 18EAB2BB17241702003E742D /* Default@2x.png */; };
		18EAB2BE17241702003E742D /* Default-568h@2x.png in Resources */ = {isa = PBXBuildFile; fileRef = 18EAB2BD17241702003E742D /* Default-568h@2x.png */; };
		18EAB2CF172417F0003E742D /* TogetherAppDelegate.m in Sources */ = {isa = PBXBuildFile; fileRef = 18EAB2CE172417F0003E742D /* TogetherAppDelegate.m */; };
		18EAB2DD17241F0B003E742D /* NetItemList.m in Sources */ = {isa = PBXBuildFile; fileRef = 18EAB2DC17241F0B003E742D /* NetItemList.m */; };
		18EAB2E01724245E003E742D /* NetRequest.m in Sources */ = {isa = PBXBuildFile; fileRef = 18EAB2DF1724245E003E742D /* NetRequest.m */; };
/* End PBXBuildFile section */

/* Begin PBXFileReference section */
		18BFDE7517244DF600186828 /* HomeViewController.h */ = {isa = PBXFileReference; fileEncoding = 4; lastKnownFileType = sourcecode.c.h; path = HomeViewController.h; sourceTree = "<group>"; };
		18BFDE7617244DF600186828 /* HomeViewController.m */ = {isa = PBXFileReference; fileEncoding = 4; lastKnownFileType = sourcecode.c.objc; path = HomeViewController.m; sourceTree = "<group>"; };
		18BFDE7717244DF600186828 /* HomeViewController.xib */ = {isa = PBXFileReference; fileEncoding = 4; lastKnownFileType = file.xib; path = HomeViewController.xib; sourceTree = "<group>"; };
		18BFDE7A17244DF600186828 /* GMETLibs+UIView.h */ = {isa = PBXFileReference; fileEncoding = 4; lastKnownFileType = sourcecode.c.h; path = "GMETLibs+UIView.h"; sourceTree = "<group>"; };
		18BFDE7B17244DF600186828 /* GMETLibs+UIView.m */ = {isa = PBXFileReference; fileEncoding = 4; lastKnownFileType = sourcecode.c.objc; path = "GMETLibs+UIView.m"; sourceTree = "<group>"; };
		18BFDE8217244DF600186828 /* ASIAuthenticationDialog.h */ = {isa = PBXFileReference; fileEncoding = 4; lastKnownFileType = sourcecode.c.h; path = ASIAuthenticationDialog.h; sourceTree = "<group>"; };
		18BFDE8317244DF600186828 /* ASIAuthenticationDialog.m */ = {isa = PBXFileReference; fileEncoding = 4; lastKnownFileType = sourcecode.c.objc; path = ASIAuthenticationDialog.m; sourceTree = "<group>"; };
		18BFDE8417244DF600186828 /* ASICacheDelegate.h */ = {isa = PBXFileReference; fileEncoding = 4; lastKnownFileType = sourcecode.c.h; path = ASICacheDelegate.h; sourceTree = "<group>"; };
		18BFDE8517244DF600186828 /* ASIDataCompressor.h */ = {isa = PBXFileReference; fileEncoding = 4; lastKnownFileType = sourcecode.c.h; path = ASIDataCompressor.h; sourceTree = "<group>"; };
		18BFDE8617244DF600186828 /* ASIDataCompressor.m */ = {isa = PBXFileReference; fileEncoding = 4; lastKnownFileType = sourcecode.c.objc; path = ASIDataCompressor.m; sourceTree = "<group>"; };
		18BFDE8717244DF600186828 /* ASIDataDecompressor.h */ = {isa = PBXFileReference; fileEncoding = 4; lastKnownFileType = sourcecode.c.h; path = ASIDataDecompressor.h; sourceTree = "<group>"; };
		18BFDE8817244DF600186828 /* ASIDataDecompressor.m */ = {isa = PBXFileReference; fileEncoding = 4; lastKnownFileType = sourcecode.c.objc; path = ASIDataDecompressor.m; sourceTree = "<group>"; };
		18BFDE8917244DF600186828 /* ASIDownloadCache.h */ = {isa = PBXFileReference; fileEncoding = 4; lastKnownFileType = sourcecode.c.h; path = ASIDownloadCache.h; sourceTree = "<group>"; };
		18BFDE8A17244DF600186828 /* ASIDownloadCache.m */ = {isa = PBXFileReference; fileEncoding = 4; lastKnownFileType = sourcecode.c.objc; path = ASIDownloadCache.m; sourceTree = "<group>"; };
		18BFDE8B17244DF600186828 /* ASIFormDataRequest.h */ = {isa = PBXFileReference; fileEncoding = 4; lastKnownFileType = sourcecode.c.h; path = ASIFormDataRequest.h; sourceTree = "<group>"; };
		18BFDE8C17244DF600186828 /* ASIFormDataRequest.m */ = {isa = PBXFileReference; fileEncoding = 4; lastKnownFileType = sourcecode.c.objc; path = ASIFormDataRequest.m; sourceTree = "<group>"; };
		18BFDE8D17244DF600186828 /* ASIHTTPRequest.h */ = {isa = PBXFileReference; fileEncoding = 4; lastKnownFileType = sourcecode.c.h; path = ASIHTTPRequest.h; sourceTree = "<group>"; };
		18BFDE8E17244DF600186828 /* ASIHTTPRequest.m */ = {isa = PBXFileReference; fileEncoding = 4; lastKnownFileType = sourcecode.c.objc; path = ASIHTTPRequest.m; sourceTree = "<group>"; };
		18BFDE8F17244DF600186828 /* ASIHTTPRequestConfig.h */ = {isa = PBXFileReference; fileEncoding = 4; lastKnownFileType = sourcecode.c.h; path = ASIHTTPRequestConfig.h; sourceTree = "<group>"; };
		18BFDE9017244DF600186828 /* ASIHTTPRequestDelegate.h */ = {isa = PBXFileReference; fileEncoding = 4; lastKnownFileType = sourcecode.c.h; path = ASIHTTPRequestDelegate.h; sourceTree = "<group>"; };
		18BFDE9117244DF600186828 /* ASIInputStream.h */ = {isa = PBXFileReference; fileEncoding = 4; lastKnownFileType = sourcecode.c.h; path = ASIInputStream.h; sourceTree = "<group>"; };
		18BFDE9217244DF600186828 /* ASIInputStream.m */ = {isa = PBXFileReference; fileEncoding = 4; lastKnownFileType = sourcecode.c.objc; path = ASIInputStream.m; sourceTree = "<group>"; };
		18BFDE9317244DF600186828 /* ASINetworkQueue.h */ = {isa = PBXFileReference; fileEncoding = 4; lastKnownFileType = sourcecode.c.h; path = ASINetworkQueue.h; sourceTree = "<group>"; };
		18BFDE9417244DF600186828 /* ASINetworkQueue.m */ = {isa = PBXFileReference; fileEncoding = 4; lastKnownFileType = sourcecode.c.objc; path = ASINetworkQueue.m; sourceTree = "<group>"; };
		18BFDE9517244DF600186828 /* ASIProgressDelegate.h */ = {isa = PBXFileReference; fileEncoding = 4; lastKnownFileType = sourcecode.c.h; path = ASIProgressDelegate.h; sourceTree = "<group>"; };
		18BFDE9F17244DF600186828 /* Reachability.h */ = {isa = PBXFileReference; fileEncoding = 4; lastKnownFileType = sourcecode.c.h; path = Reachability.h; sourceTree = "<group>"; };
		18BFDEA017244DF600186828 /* Reachability.m */ = {isa = PBXFileReference; fileEncoding = 4; lastKnownFileType = sourcecode.c.objc; path = Reachability.m; sourceTree = "<group>"; };
		18BFDEA217244DF600186828 /* CFNetwork.framework */ = {isa = PBXFileReference; lastKnownFileType = wrapper.framework; name = CFNetwork.framework; path = System/Library/Frameworks/CFNetwork.framework; sourceTree = SDKROOT; };
		18BFDEA417244DF600186828 /* SystemConfiguration.framework */ = {isa = PBXFileReference; lastKnownFileType = wrapper.framework; name = SystemConfiguration.framework; path = System/Library/Frameworks/SystemConfiguration.framework; sourceTree = SDKROOT; };
		18BFDEA617244DF600186828 /* MobileCoreServices.framework */ = {isa = PBXFileReference; lastKnownFileType = wrapper.framework; name = MobileCoreServices.framework; path = System/Library/Frameworks/MobileCoreServices.framework; sourceTree = SDKROOT; };
		18BFDEA817244DF600186828 /* libxml2.dylib */ = {isa = PBXFileReference; lastKnownFileType = "compiled.mach-o.dylib"; name = libxml2.dylib; path = usr/lib/libxml2.dylib; sourceTree = SDKROOT; };
		18BFDEAA17244DF600186828 /* libz.1.2.5.dylib */ = {isa = PBXFileReference; lastKnownFileType = "compiled.mach-o.dylib"; name = libz.1.2.5.dylib; path = usr/lib/libz.1.2.5.dylib; sourceTree = SDKROOT; };
		18BFDEAC17244DF600186828 /* QuartzCore.framework */ = {isa = PBXFileReference; lastKnownFileType = wrapper.framework; name = QuartzCore.framework; path = System/Library/Frameworks/QuartzCore.framework; sourceTree = SDKROOT; };
		18BFDEAE17244DF600186828 /* GMETLibs+DataContainer.h */ = {isa = PBXFileReference; fileEncoding = 4; lastKnownFileType = sourcecode.c.h; path = "GMETLibs+DataContainer.h"; sourceTree = "<group>"; };
		18BFDEAF17244DF600186828 /* GMETLibs+DataContainer.m */ = {isa = PBXFileReference; fileEncoding = 4; lastKnownFileType = sourcecode.c.objc; path = "GMETLibs+DataContainer.m"; sourceTree = "<group>"; };
		18BFDFBA17244DF600186828 /* RoomListView.h */ = {isa = PBXFileReference; fileEncoding = 4; lastKnownFileType = sourcecode.c.h; path = RoomListView.h; sourceTree = "<group>"; };
		18BFDFBB17244DF600186828 /* RoomListView.m */ = {isa = PBXFileReference; fileEncoding = 4; lastKnownFileType = sourcecode.c.objc; path = RoomListView.m; sourceTree = "<group>"; };
		18BFDFBD17244DF600186828 /* RoomListView.xib */ = {isa = PBXFileReference; fileEncoding = 4; lastKnownFileType = file.xib; path = RoomListView.xib; sourceTree = "<group>"; };
		18BFDFC017244DF600186828 /* NavigationView.h */ = {isa = PBXFileReference; fileEncoding = 4; lastKnownFileType = sourcecode.c.h; path = NavigationView.h; sourceTree = "<group>"; };
		18BFDFC117244DF600186828 /* NavigationView.m */ = {isa = PBXFileReference; fileEncoding = 4; lastKnownFileType = sourcecode.c.objc; path = NavigationView.m; sourceTree = "<group>"; };
		18BFDFC317244DF600186828 /* NavigationView.xib */ = {isa = PBXFileReference; fileEncoding = 4; lastKnownFileType = file.xib; path = NavigationView.xib; sourceTree = "<group>"; };
		18BFDFC81724544000186828 /* RoomViewController.h */ = {isa = PBXFileReference; fileEncoding = 4; lastKnownFileType = sourcecode.c.h; path = RoomViewController.h; sourceTree = "<group>"; };
		18BFDFC91724544000186828 /* RoomViewController.m */ = {isa = PBXFileReference; fileEncoding = 4; lastKnownFileType = sourcecode.c.objc; path = RoomViewController.m; sourceTree = "<group>"; };
		18BFDFCA1724544100186828 /* RoomViewController.xib */ = {isa = PBXFileReference; fileEncoding = 4; lastKnownFileType = file.xib; path = RoomViewController.xib; sourceTree = "<group>"; };
		18BFDFCF172456CE00186828 /* NetRoomList.h */ = {isa = PBXFileReference; fileEncoding = 4; lastKnownFileType = sourcecode.c.h; path = NetRoomList.h; sourceTree = "<group>"; };
		18BFDFD0172456CE00186828 /* NetRoomList.m */ = {isa = PBXFileReference; fileEncoding = 4; lastKnownFileType = sourcecode.c.objc; path = NetRoomList.m; sourceTree = "<group>"; };
		18BFDFD51724573B00186828 /* room_test.png */ = {isa = PBXFileReference; lastKnownFileType = image.png; path = room_test.png; sourceTree = "<group>"; };
		18BFDFD817245C8B00186828 /* RoomGridView.h */ = {isa = PBXFileReference; fileEncoding = 4; lastKnownFileType = sourcecode.c.h; path = RoomGridView.h; sourceTree = "<group>"; };
		18BFDFD917245C8B00186828 /* RoomGridView.m */ = {isa = PBXFileReference; fileEncoding = 4; lastKnownFileType = sourcecode.c.objc; path = RoomGridView.m; sourceTree = "<group>"; };
		18BFDFDB17245C9D00186828 /* RoomGridView.xib */ = {isa = PBXFileReference; fileEncoding = 4; lastKnownFileType = file.xib; path = RoomGridView.xib; sourceTree = "<group>"; };
		18EAB2A417241702003E742D /* Together.app */ = {isa = PBXFileReference; explicitFileType = wrapper.application; includeInIndex = 0; path = Together.app; sourceTree = BUILT_PRODUCTS_DIR; };
		18EAB2A717241702003E742D /* UIKit.framework */ = {isa = PBXFileReference; lastKnownFileType = wrapper.framework; name = UIKit.framework; path = System/Library/Frameworks/UIKit.framework; sourceTree = SDKROOT; };
		18EAB2A917241702003E742D /* Foundation.framework */ = {isa = PBXFileReference; lastKnownFileType = wrapper.framework; name = Foundation.framework; path = System/Library/Frameworks/Foundation.framework; sourceTree = SDKROOT; };
		18EAB2AB17241702003E742D /* CoreGraphics.framework */ = {isa = PBXFileReference; lastKnownFileType = wrapper.framework; name = CoreGraphics.framework; path = System/Library/Frameworks/CoreGraphics.framework; sourceTree = SDKROOT; };
		18EAB2AF17241702003E742D /* Together-Info.plist */ = {isa = PBXFileReference; lastKnownFileType = text.plist.xml; path = "Together-Info.plist"; sourceTree = "<group>"; };
		18EAB2B117241702003E742D /* en */ = {isa = PBXFileReference; lastKnownFileType = text.plist.strings; name = en; path = en.lproj/InfoPlist.strings; sourceTree = "<group>"; };
		18EAB2B317241702003E742D /* main.m */ = {isa = PBXFileReference; lastKnownFileType = sourcecode.c.objc; path = main.m; sourceTree = "<group>"; };
		18EAB2B517241702003E742D /* Together-Prefix.pch */ = {isa = PBXFileReference; lastKnownFileType = sourcecode.c.h; path = "Together-Prefix.pch"; sourceTree = "<group>"; };
		18EAB2B917241702003E742D /* Default.png */ = {isa = PBXFileReference; lastKnownFileType = image.png; path = Default.png; sourceTree = "<group>"; };
		18EAB2BB17241702003E742D /* Default@2x.png */ = {isa = PBXFileReference; lastKnownFileType = image.png; path = "Default@2x.png"; sourceTree = "<group>"; };
		18EAB2BD17241702003E742D /* Default-568h@2x.png */ = {isa = PBXFileReference; lastKnownFileType = image.png; path = "Default-568h@2x.png"; sourceTree = "<group>"; };
		18EAB2CD172417F0003E742D /* TogetherAppDelegate.h */ = {isa = PBXFileReference; fileEncoding = 4; lastKnownFileType = sourcecode.c.h; path = TogetherAppDelegate.h; sourceTree = "<group>"; };
		18EAB2CE172417F0003E742D /* TogetherAppDelegate.m */ = {isa = PBXFileReference; fileEncoding = 4; lastKnownFileType = sourcecode.c.objc; path = TogetherAppDelegate.m; sourceTree = "<group>"; };
		18EAB2D5172418EA003E742D /* Config.h */ = {isa = PBXFileReference; fileEncoding = 4; lastKnownFileType = sourcecode.c.h; path = Config.h; sourceTree = "<group>"; };
		18EAB2D61724190F003E742D /* GMETLibs.h */ = {isa = PBXFileReference; fileEncoding = 4; lastKnownFileType = sourcecode.c.h; path = GMETLibs.h; sourceTree = "<group>"; };
		18EAB2DB17241F0B003E742D /* NetItemList.h */ = {isa = PBXFileReference; fileEncoding = 4; lastKnownFileType = sourcecode.c.h; path = NetItemList.h; sourceTree = "<group>"; };
		18EAB2DC17241F0B003E742D /* NetItemList.m */ = {isa = PBXFileReference; fileEncoding = 4; lastKnownFileType = sourcecode.c.objc; path = NetItemList.m; sourceTree = "<group>"; };
		18EAB2DE1724245E003E742D /* NetRequest.h */ = {isa = PBXFileReference; fileEncoding = 4; lastKnownFileType = sourcecode.c.h; path = NetRequest.h; sourceTree = "<group>"; };
		18EAB2DF1724245E003E742D /* NetRequest.m */ = {isa = PBXFileReference; fileEncoding = 4; lastKnownFileType = sourcecode.c.objc; path = NetRequest.m; sourceTree = "<group>"; };
/* End PBXFileReference section */

/* Begin PBXFrameworksBuildPhase section */
		18EAB2A117241702003E742D /* Frameworks */ = {
			isa = PBXFrameworksBuildPhase;
			buildActionMask = 2147483647;
			files = (
				18BFDEAD17244DF600186828 /* QuartzCore.framework in Frameworks */,
				18BFDEAB17244DF600186828 /* libz.1.2.5.dylib in Frameworks */,
				18BFDEA917244DF600186828 /* libxml2.dylib in Frameworks */,
				18BFDEA717244DF600186828 /* MobileCoreServices.framework in Frameworks */,
				18BFDEA517244DF600186828 /* SystemConfiguration.framework in Frameworks */,
				18BFDEA317244DF600186828 /* CFNetwork.framework in Frameworks */,
				18EAB2A817241702003E742D /* UIKit.framework in Frameworks */,
				18EAB2AA17241702003E742D /* Foundation.framework in Frameworks */,
				18EAB2AC17241702003E742D /* CoreGraphics.framework in Frameworks */,
			);
			runOnlyForDeploymentPostprocessing = 0;
		};
/* End PBXFrameworksBuildPhase section */

/* Begin PBXGroup section */
		18BFDE7417244DF600186828 /* Home */ = {
			isa = PBXGroup;
			children = (
				18BFDE7517244DF600186828 /* HomeViewController.h */,
				18BFDE7617244DF600186828 /* HomeViewController.m */,
				18BFDE7717244DF600186828 /* HomeViewController.xib */,
			);
			path = Home;
			sourceTree = "<group>";
		};
		18BFDE8117244DF600186828 /* ASIHTTPRequest */ = {
			isa = PBXGroup;
			children = (
				18BFDE8217244DF600186828 /* ASIAuthenticationDialog.h */,
				18BFDE8317244DF600186828 /* ASIAuthenticationDialog.m */,
				18BFDE8417244DF600186828 /* ASICacheDelegate.h */,
				18BFDE8517244DF600186828 /* ASIDataCompressor.h */,
				18BFDE8617244DF600186828 /* ASIDataCompressor.m */,
				18BFDE8717244DF600186828 /* ASIDataDecompressor.h */,
				18BFDE8817244DF600186828 /* ASIDataDecompressor.m */,
				18BFDE8917244DF600186828 /* ASIDownloadCache.h */,
				18BFDE8A17244DF600186828 /* ASIDownloadCache.m */,
				18BFDE8B17244DF600186828 /* ASIFormDataRequest.h */,
				18BFDE8C17244DF600186828 /* ASIFormDataRequest.m */,
				18BFDE8D17244DF600186828 /* ASIHTTPRequest.h */,
				18BFDE8E17244DF600186828 /* ASIHTTPRequest.m */,
				18BFDE8F17244DF600186828 /* ASIHTTPRequestConfig.h */,
				18BFDE9017244DF600186828 /* ASIHTTPRequestDelegate.h */,
				18BFDE9117244DF600186828 /* ASIInputStream.h */,
				18BFDE9217244DF600186828 /* ASIInputStream.m */,
				18BFDE9317244DF600186828 /* ASINetworkQueue.h */,
				18BFDE9417244DF600186828 /* ASINetworkQueue.m */,
				18BFDE9517244DF600186828 /* ASIProgressDelegate.h */,
			);
			path = ASIHTTPRequest;
			sourceTree = "<group>";
		};
		18BFDE9E17244DF600186828 /* Reachability */ = {
			isa = PBXGroup;
			children = (
				18BFDE9F17244DF600186828 /* Reachability.h */,
				18BFDEA017244DF600186828 /* Reachability.m */,
			);
			path = Reachability;
			sourceTree = "<group>";
		};
		18BFDFB917244DF600186828 /* Room */ = {
			isa = PBXGroup;
			children = (
				18BFDFD717245C6400186828 /* RoomGridView */,
				18BFDFBA17244DF600186828 /* RoomListView.h */,
				18BFDFBB17244DF600186828 /* RoomListView.m */,
				18BFDFBD17244DF600186828 /* RoomListView.xib */,
				18BFDFC81724544000186828 /* RoomViewController.h */,
				18BFDFC91724544000186828 /* RoomViewController.m */,
				18BFDFCA1724544100186828 /* RoomViewController.xib */,
			);
			path = Room;
			sourceTree = "<group>";
		};
		18BFDFBF17244DF600186828 /* NavigationView */ = {
			isa = PBXGroup;
			children = (
				18BFDFC017244DF600186828 /* NavigationView.h */,
				18BFDFC117244DF600186828 /* NavigationView.m */,
				18BFDFC317244DF600186828 /* NavigationView.xib */,
			);
			path = NavigationView;
			sourceTree = "<group>";
		};
		18BFDFCD172456CD00186828 /* Room */ = {
			isa = PBXGroup;
			children = (
				18BFDFCE172456CE00186828 /* DataFormat */,
			);
			path = Room;
			sourceTree = "<group>";
		};
		18BFDFCE172456CE00186828 /* DataFormat */ = {
			isa = PBXGroup;
			children = (
				18BFDFCF172456CE00186828 /* NetRoomList.h */,
				18BFDFD0172456CE00186828 /* NetRoomList.m */,
			);
			path = DataFormat;
			sourceTree = "<group>";
		};
		18BFDFD2172456FB00186828 /* Common */ = {
			isa = PBXGroup;
			children = (
			);
			path = Common;
			sourceTree = "<group>";
		};
		18BFDFD31724572B00186828 /* Resources */ = {
			isa = PBXGroup;
			children = (
				18BFDFD51724573B00186828 /* room_test.png */,
			);
			name = Resources;
			path = Together/Resources;
			sourceTree = "<group>";
		};
		18BFDFD41724572B00186828 /* Resources_Blue */ = {
			isa = PBXGroup;
			children = (
			);
			name = Resources_Blue;
			path = Together/Resources_Blue;
			sourceTree = "<group>";
		};
		18BFDFD717245C6400186828 /* RoomGridView */ = {
			isa = PBXGroup;
			children = (
				18BFDFD817245C8B00186828 /* RoomGridView.h */,
				18BFDFD917245C8B00186828 /* RoomGridView.m */,
				18BFDFDB17245C9D00186828 /* RoomGridView.xib */,
			);
			path = RoomGridView;
			sourceTree = "<group>";
		};
		18EAB29B17241702003E742D = {
			isa = PBXGroup;
			children = (
				18BFDFD31724572B00186828 /* Resources */,
				18BFDFD41724572B00186828 /* Resources_Blue */,
				18EAB2CC172417AD003E742D /* Codes */,
				18EAB2A617241702003E742D /* Frameworks */,
				18EAB2A517241702003E742D /* Products */,
			);
			sourceTree = "<group>";
		};
		18EAB2A517241702003E742D /* Products */ = {
			isa = PBXGroup;
			children = (
				18EAB2A417241702003E742D /* Together.app */,
			);
			name = Products;
			sourceTree = "<group>";
		};
		18EAB2A617241702003E742D /* Frameworks */ = {
			isa = PBXGroup;
			children = (
				18BFDEAA17244DF600186828 /* libz.1.2.5.dylib */,
				18BFDEA817244DF600186828 /* libxml2.dylib */,
				18BFDEAC17244DF600186828 /* QuartzCore.framework */,
				18BFDEA617244DF600186828 /* MobileCoreServices.framework */,
				18BFDEA417244DF600186828 /* SystemConfiguration.framework */,
				18BFDEA217244DF600186828 /* CFNetwork.framework */,
				18EAB2A717241702003E742D /* UIKit.framework */,
				18EAB2A917241702003E742D /* Foundation.framework */,
				18EAB2AB17241702003E742D /* CoreGraphics.framework */,
			);
			name = Frameworks;
			sourceTree = "<group>";
		};
		18EAB2AE17241702003E742D /* Supporting Files */ = {
			isa = PBXGroup;
			children = (
				18EAB2AF17241702003E742D /* Together-Info.plist */,
				18EAB2B017241702003E742D /* InfoPlist.strings */,
				18EAB2B317241702003E742D /* main.m */,
				18EAB2B517241702003E742D /* Together-Prefix.pch */,
				18EAB2B917241702003E742D /* Default.png */,
				18EAB2BB17241702003E742D /* Default@2x.png */,
				18EAB2BD17241702003E742D /* Default-568h@2x.png */,
			);
			name = "Supporting Files";
			path = ..;
			sourceTree = "<group>";
		};
		18EAB2CC172417AD003E742D /* Codes */ = {
			isa = PBXGroup;
			children = (
				18EAB2D4172418D8003E742D /* Config */,
				18EAB2D1172418C6003E742D /* GMETLibs */,
				18BFDFD2172456FB00186828 /* Common */,
				18EAB2D2172418C6003E742D /* Network */,
				18EAB2D3172418C6003E742D /* UI */,
				18EAB2CD172417F0003E742D /* TogetherAppDelegate.h */,
				18EAB2CE172417F0003E742D /* TogetherAppDelegate.m */,
				18EAB2AE17241702003E742D /* Supporting Files */,
				18EAB2D717241940003E742D /* ThirdPart */,
			);
			name = Codes;
			path = Together/Codes;
			sourceTree = "<group>";
		};
		18EAB2D1172418C6003E742D /* GMETLibs */ = {
			isa = PBXGroup;
			children = (
				18EAB2D61724190F003E742D /* GMETLibs.h */,
				18BFDE7A17244DF600186828 /* GMETLibs+UIView.h */,
				18BFDE7B17244DF600186828 /* GMETLibs+UIView.m */,
				18BFDEAE17244DF600186828 /* GMETLibs+DataContainer.h */,
				18BFDEAF17244DF600186828 /* GMETLibs+DataContainer.m */,
			);
			path = GMETLibs;
			sourceTree = "<group>";
		};
		18EAB2D2172418C6003E742D /* Network */ = {
			isa = PBXGroup;
			children = (
				18EAB2DB17241F0B003E742D /* NetItemList.h */,
				18EAB2DC17241F0B003E742D /* NetItemList.m */,
				18EAB2DE1724245E003E742D /* NetRequest.h */,
				18EAB2DF1724245E003E742D /* NetRequest.m */,
				18BFDFCD172456CD00186828 /* Room */,
			);
			path = Network;
			sourceTree = "<group>";
		};
		18EAB2D3172418C6003E742D /* UI */ = {
			isa = PBXGroup;
			children = (
				18BFDFBF17244DF600186828 /* NavigationView */,
				18BFDFB917244DF600186828 /* Room */,
				18BFDE7417244DF600186828 /* Home */,
			);
			path = UI;
			sourceTree = "<group>";
		};
		18EAB2D4172418D8003E742D /* Config */ = {
			isa = PBXGroup;
			children = (
				18EAB2D5172418EA003E742D /* Config.h */,
			);
			path = Config;
			sourceTree = "<group>";
		};
		18EAB2D717241940003E742D /* ThirdPart */ = {
			isa = PBXGroup;
			children = (
				18BFDE9E17244DF600186828 /* Reachability */,
				18BFDE8117244DF600186828 /* ASIHTTPRequest */,
			);
			path = ThirdPart;
			sourceTree = "<group>";
		};
/* End PBXGroup section */

/* Begin PBXNativeTarget section */
		18EAB2A317241702003E742D /* Together */ = {
			isa = PBXNativeTarget;
			buildConfigurationList = 18EAB2C717241702003E742D /* Build configuration list for PBXNativeTarget "Together" */;
			buildPhases = (
				18EAB2A017241702003E742D /* Sources */,
				18EAB2A117241702003E742D /* Frameworks */,
				18EAB2A217241702003E742D /* Resources */,
			);
			buildRules = (
			);
			dependencies = (
			);
			name = Together;
			productName = Together;
			productReference = 18EAB2A417241702003E742D /* Together.app */;
			productType = "com.apple.product-type.application";
		};
/* End PBXNativeTarget section */

/* Begin PBXProject section */
		18EAB29C17241702003E742D /* Project object */ = {
			isa = PBXProject;
			attributes = {
				LastUpgradeCheck = 0460;
				ORGANIZATIONNAME = GMET;
			};
			buildConfigurationList = 18EAB29F17241702003E742D /* Build configuration list for PBXProject "Together" */;
			compatibilityVersion = "Xcode 3.2";
			developmentRegion = English;
			hasScannedForEncodings = 0;
			knownRegions = (
				en,
			);
			mainGroup = 18EAB29B17241702003E742D;
			productRefGroup = 18EAB2A517241702003E742D /* Products */;
			projectDirPath = "";
			projectRoot = "";
			targets = (
				18EAB2A317241702003E742D /* Together */,
			);
		};
/* End PBXProject section */

/* Begin PBXResourcesBuildPhase section */
		18EAB2A217241702003E742D /* Resources */ = {
			isa = PBXResourcesBuildPhase;
			buildActionMask = 2147483647;
			files = (
				18EAB2B217241702003E742D /* InfoPlist.strings in Resources */,
				18EAB2BA17241702003E742D /* Default.png in Resources */,
				18EAB2BC17241702003E742D /* Default@2x.png in Resources */,
				18EAB2BE17241702003E742D /* Default-568h@2x.png in Resources */,
				18BFDE7917244DF600186828 /* HomeViewController.xib in Resources */,
				18BFDFBE17244DF600186828 /* RoomListView.xib in Resources */,
				18BFDFC417244DF600186828 /* NavigationView.xib in Resources */,
				18BFDFCC1724544100186828 /* RoomViewController.xib in Resources */,
				18BFDFD61724573B00186828 /* room_test.png in Resources */,
				18BFDFDC17245C9D00186828 /* RoomGridView.xib in Resources */,
			);
			runOnlyForDeploymentPostprocessing = 0;
		};
/* End PBXResourcesBuildPhase section */

/* Begin PBXSourcesBuildPhase section */
		18EAB2A017241702003E742D /* Sources */ = {
			isa = PBXSourcesBuildPhase;
			buildActionMask = 2147483647;
			files = (
				18EAB2B417241702003E742D /* main.m in Sources */,
				18EAB2CF172417F0003E742D /* TogetherAppDelegate.m in Sources */,
				18EAB2DD17241F0B003E742D /* NetItemList.m in Sources */,
				18EAB2E01724245E003E742D /* NetRequest.m in Sources */,
				18BFDE7817244DF600186828 /* HomeViewController.m in Sources */,
				18BFDE7C17244DF600186828 /* GMETLibs+UIView.m in Sources */,
				18BFDE9617244DF600186828 /* ASIAuthenticationDialog.m in Sources */,
				18BFDE9717244DF600186828 /* ASIDataCompressor.m in Sources */,
				18BFDE9817244DF600186828 /* ASIDataDecompressor.m in Sources */,
				18BFDE9917244DF600186828 /* ASIDownloadCache.m in Sources */,
				18BFDE9A17244DF600186828 /* ASIFormDataRequest.m in Sources */,
				18BFDE9B17244DF600186828 /* ASIHTTPRequest.m in Sources */,
				18BFDE9C17244DF600186828 /* ASIInputStream.m in Sources */,
				18BFDE9D17244DF600186828 /* ASINetworkQueue.m in Sources */,
				18BFDEA117244DF600186828 /* Reachability.m in Sources */,
				18BFDEB017244DF600186828 /* GMETLibs+DataContainer.m in Sources */,
				18BFDFBC17244DF600186828 /* RoomListView.m in Sources */,
				18BFDFC217244DF600186828 /* NavigationView.m in Sources */,
				18BFDFCB1724544100186828 /* RoomViewController.m in Sources */,
				18BFDFD1172456CE00186828 /* NetRoomList.m in Sources */,
				18BFDFDA17245C8B00186828 /* RoomGridView.m in Sources */,
			);
			runOnlyForDeploymentPostprocessing = 0;
		};
/* End PBXSourcesBuildPhase section */

/* Begin PBXVariantGroup section */
		18EAB2B017241702003E742D /* InfoPlist.strings */ = {
			isa = PBXVariantGroup;
			children = (
				18EAB2B117241702003E742D /* en */,
			);
			name = InfoPlist.strings;
			sourceTree = "<group>";
		};
/* End PBXVariantGroup section */

/* Begin XCBuildConfiguration section */
		18EAB2C517241702003E742D /* Debug */ = {
			isa = XCBuildConfiguration;
			buildSettings = {
				ALWAYS_SEARCH_USER_PATHS = NO;
				CLANG_CXX_LANGUAGE_STANDARD = "gnu++0x";
				CLANG_CXX_LIBRARY = "libc++";
				CLANG_ENABLE_OBJC_ARC = YES;
				CLANG_WARN_CONSTANT_CONVERSION = YES;
				CLANG_WARN_EMPTY_BODY = YES;
				CLANG_WARN_ENUM_CONVERSION = YES;
				CLANG_WARN_INT_CONVERSION = YES;
				CLANG_WARN__DUPLICATE_METHOD_MATCH = YES;
				"CODE_SIGN_IDENTITY[sdk=iphoneos*]" = "iPhone Developer";
				COPY_PHASE_STRIP = NO;
				GCC_C_LANGUAGE_STANDARD = gnu99;
				GCC_DYNAMIC_NO_PIC = NO;
				GCC_OPTIMIZATION_LEVEL = 0;
				GCC_PREPROCESSOR_DEFINITIONS = (
					"DEBUG=1",
					"$(inherited)",
				);
				GCC_SYMBOLS_PRIVATE_EXTERN = NO;
				GCC_WARN_ABOUT_RETURN_TYPE = YES;
				GCC_WARN_UNINITIALIZED_AUTOS = YES;
				GCC_WARN_UNUSED_VARIABLE = YES;
				IPHONEOS_DEPLOYMENT_TARGET = 6.1;
				ONLY_ACTIVE_ARCH = YES;
				SDKROOT = iphoneos;
			};
			name = Debug;
		};
		18EAB2C617241702003E742D /* Release */ = {
			isa = XCBuildConfiguration;
			buildSettings = {
				ALWAYS_SEARCH_USER_PATHS = NO;
				CLANG_CXX_LANGUAGE_STANDARD = "gnu++0x";
				CLANG_CXX_LIBRARY = "libc++";
				CLANG_ENABLE_OBJC_ARC = YES;
				CLANG_WARN_CONSTANT_CONVERSION = YES;
				CLANG_WARN_EMPTY_BODY = YES;
				CLANG_WARN_ENUM_CONVERSION = YES;
				CLANG_WARN_INT_CONVERSION = YES;
				CLANG_WARN__DUPLICATE_METHOD_MATCH = YES;
				"CODE_SIGN_IDENTITY[sdk=iphoneos*]" = "iPhone Developer";
				COPY_PHASE_STRIP = YES;
				GCC_C_LANGUAGE_STANDARD = gnu99;
				GCC_WARN_ABOUT_RETURN_TYPE = YES;
				GCC_WARN_UNINITIALIZED_AUTOS = YES;
				GCC_WARN_UNUSED_VARIABLE = YES;
				IPHONEOS_DEPLOYMENT_TARGET = 6.1;
				OTHER_CFLAGS = "-DNS_BLOCK_ASSERTIONS=1";
				SDKROOT = iphoneos;
				VALIDATE_PRODUCT = YES;
			};
			name = Release;
		};
		18EAB2C817241702003E742D /* Debug */ = {
			isa = XCBuildConfiguration;
			buildSettings = {
				GCC_PRECOMPILE_PREFIX_HEADER = YES;
				GCC_PREFIX_HEADER = "Together/Together-Prefix.pch";
				INFOPLIST_FILE = "Together/Together-Info.plist";
				IPHONEOS_DEPLOYMENT_TARGET = 5.0;
				PRODUCT_NAME = "$(TARGET_NAME)";
				WRAPPER_EXTENSION = app;
			};
			name = Debug;
		};
		18EAB2C917241702003E742D /* Release */ = {
			isa = XCBuildConfiguration;
			buildSettings = {
				GCC_PRECOMPILE_PREFIX_HEADER = YES;
				GCC_PREFIX_HEADER = "Together/Together-Prefix.pch";
				INFOPLIST_FILE = "Together/Together-Info.plist";
				IPHONEOS_DEPLOYMENT_TARGET = 5.0;
				PRODUCT_NAME = "$(TARGET_NAME)";
				WRAPPER_EXTENSION = app;
			};
			name = Release;
		};
/* End XCBuildConfiguration section */

/* Begin XCConfigurationList section */
		18EAB29F17241702003E742D /* Build configuration list for PBXProject "Together" */ = {
			isa = XCConfigurationList;
			buildConfigurations = (
				18EAB2C517241702003E742D /* Debug */,
				18EAB2C617241702003E742D /* Release */,
			);
			defaultConfigurationIsVisible = 0;
			defaultConfigurationName = Release;
		};
		18EAB2C717241702003E742D /* Build configuration list for PBXNativeTarget "Together" */ = {
			isa = XCConfigurationList;
			buildConfigurations = (
				18EAB2C817241702003E742D /* Debug */,
				18EAB2C917241702003E742D /* Release */,
			);
			defaultConfigurationIsVisible = 0;
			defaultConfigurationName = Release;
		};
/* End XCConfigurationList section */
	};
	rootObject = 18EAB29C17241702003E742D /* Project object */;
}
